<?xml version="1.0" encoding="utf-8"?>
<Project ToolsVersion="4.0" xmlns="http://schemas.microsoft.com/developer/msbuild/2003">
  <ItemGroup>
    <Filter Include="Engine">
      <UniqueIdentifier>{87fcbd45-6e11-4ec2-b84c-86a08c5e5cba}</UniqueIdentifier>
    </Filter>
    <Filter Include="Default">
      <UniqueIdentifier>{e08219d5-e4c8-4eab-a0bd-f1bf4344c60e}</UniqueIdentifier>
    </Filter>
    <Filter Include="Default\리소스 파일">
      <UniqueIdentifier>{67DA6AB6-F800-4c08-8B7A-83BB121AAD01}</UniqueIdentifier>
      <Extensions>rc;ico;cur;bmp;dlg;rc2;rct;bin;rgs;gif;jpg;jpeg;jpe;resx;tiff;tif;png;wav;mfcribbon-ms</Extensions>
    </Filter>
    <Filter Include="Engine\01. Header">
      <UniqueIdentifier>{53ec298b-ee32-4f93-a8e6-f813396cd477}</UniqueIdentifier>
    </Filter>
    <Filter Include="Engine\02. Core">
      <UniqueIdentifier>{bd71bb80-5f96-4464-a51a-d86702bad706}</UniqueIdentifier>
    </Filter>
    <Filter Include="Engine\03. Manager">
      <UniqueIdentifier>{14c70bfb-d509-407e-9e98-96d293e636d5}</UniqueIdentifier>
    </Filter>
    <Filter Include="Engine\04. Object">
      <UniqueIdentifier>{8b4897c0-1ab4-404e-9241-7da6a09f30c9}</UniqueIdentifier>
    </Filter>
    <Filter Include="Engine\03. Manager\TimeMgr">
      <UniqueIdentifier>{1459d412-8357-499f-9998-966ffdb64902}</UniqueIdentifier>
    </Filter>
    <Filter Include="Engine\05. Scene">
      <UniqueIdentifier>{e1dcec3b-db04-47c2-b0b5-6e27c4fce16f}</UniqueIdentifier>
    </Filter>
    <Filter Include="Engine\03. Manager\KeyMgr">
      <UniqueIdentifier>{6c36eaf8-0755-4f67-9e0a-2b5e09474dfc}</UniqueIdentifier>
    </Filter>
    <Filter Include="Engine\03. Manager\SceneMgr">
      <UniqueIdentifier>{3dedc04a-cc72-41ca-ad34-71f594d44eba}</UniqueIdentifier>
    </Filter>
    <Filter Include="Engine\05. Scene\Scene_Tool">
      <UniqueIdentifier>{45971538-444d-46e9-8e9e-d877b457969f}</UniqueIdentifier>
    </Filter>
    <Filter Include="Engine\05. Scene\Scene_Start">
      <UniqueIdentifier>{afd39da8-0df6-4439-ae1c-bea101f6cc72}</UniqueIdentifier>
    </Filter>
    <Filter Include="Engine\04. Object\Player">
      <UniqueIdentifier>{0363888c-25b1-4619-ba46-d353b85620d0}</UniqueIdentifier>
    </Filter>
    <Filter Include="Engine\04. Object\Monster">
      <UniqueIdentifier>{fc8daa42-04ac-4c51-886d-c5d76d51c005}</UniqueIdentifier>
    </Filter>
    <Filter Include="Engine\04. Object\Missile">
      <UniqueIdentifier>{39940c21-c258-46b3-aa21-4624aef34683}</UniqueIdentifier>
    </Filter>
    <Filter Include="Engine\06. Resource">
      <UniqueIdentifier>{5f43fcf2-0097-4b50-b295-c7570ff78870}</UniqueIdentifier>
    </Filter>
    <Filter Include="Engine\06. Resource\Texture">
      <UniqueIdentifier>{a6fc433f-3710-42ac-85d8-02e42ecf9129}</UniqueIdentifier>
    </Filter>
    <Filter Include="Engine\06. Resource\Sound">
      <UniqueIdentifier>{61a0c206-72c5-4ff6-8c50-5b230e166cd5}</UniqueIdentifier>
    </Filter>
    <Filter Include="Engine\03. Manager\PathMgr">
      <UniqueIdentifier>{39b654b6-b41a-47c6-b24b-c68d7ae1fd39}</UniqueIdentifier>
    </Filter>
    <Filter Include="Engine\03. Manager\ResMgr">
      <UniqueIdentifier>{15c2fe55-4590-4c9c-a4b8-bad946946d21}</UniqueIdentifier>
    </Filter>
    <Filter Include="Engine\07. Component">
      <UniqueIdentifier>{a9f23054-ab6d-4aa2-acf7-e78c1b34242e}</UniqueIdentifier>
    </Filter>
    <Filter Include="Engine\08. Module">
      <UniqueIdentifier>{6020c0e6-aef6-45e3-98ca-f45eb81fed65}</UniqueIdentifier>
    </Filter>
    <Filter Include="Engine\03. Manager\ConllisionMgr">
      <UniqueIdentifier>{7a947037-b706-4d1c-bce9-cffd65ed2fb5}</UniqueIdentifier>
    </Filter>
    <Filter Include="Engine\03. Manager\EventMgr">
      <UniqueIdentifier>{8a3ba971-ff09-44cc-a4e3-c6df09c26fad}</UniqueIdentifier>
    </Filter>
    <Filter Include="Engine\07. Component\Animator">
      <UniqueIdentifier>{405ba924-8fb1-44a5-bfe1-9ba0f85352b2}</UniqueIdentifier>
    </Filter>
    <Filter Include="Engine\07. Component\Collider">
      <UniqueIdentifier>{3d1035b6-70dd-4479-980d-40943be39e1f}</UniqueIdentifier>
    </Filter>
    <Filter Include="Engine\07. Component\Animator\Animation">
      <UniqueIdentifier>{7e3b8cb6-a53c-4a13-a1db-75f8dde924c5}</UniqueIdentifier>
    </Filter>
  </ItemGroup>
  <ItemGroup>
    <ClInclude Include="CCore.h">
      <Filter>Engine\02. Core</Filter>
    </ClInclude>
    <ClInclude Include="Client.h">
      <Filter>Default</Filter>
    </ClInclude>
    <ClInclude Include="framework.h">
      <Filter>Default</Filter>
    </ClInclude>
    <ClInclude Include="Resource.h">
      <Filter>Default</Filter>
    </ClInclude>
    <ClInclude Include="targetver.h">
      <Filter>Default</Filter>
    </ClInclude>
    <ClInclude Include="define.h">
      <Filter>Engine\01. Header</Filter>
    </ClInclude>
    <ClInclude Include="CkeyMgr.h">
      <Filter>Engine\03. Manager\KeyMgr</Filter>
    </ClInclude>
    <ClInclude Include="pch.h" />
    <ClInclude Include="CObject.h">
      <Filter>Engine\04. Object</Filter>
    </ClInclude>
    <ClInclude Include="struct.h">
      <Filter>Engine\01. Header</Filter>
    </ClInclude>
    <ClInclude Include="CTimeMgr.h">
      <Filter>Engine\03. Manager\TimeMgr</Filter>
    </ClInclude>
    <ClInclude Include="CScene.h">
      <Filter>Engine\05. Scene</Filter>
    </ClInclude>
    <ClInclude Include="CSceneMgr.h">
      <Filter>Engine\03. Manager\SceneMgr</Filter>
    </ClInclude>
    <ClInclude Include="CScene_Start.h">
      <Filter>Engine\05. Scene\Scene_Start</Filter>
    </ClInclude>
    <ClInclude Include="CPlayer.h">
      <Filter>Engine\04. Object\Player</Filter>
    </ClInclude>
    <ClInclude Include="CMonster.h">
      <Filter>Engine\04. Object\Monster</Filter>
    </ClInclude>
    <ClInclude Include="CMissile.h">
      <Filter>Engine\04. Object\Missile</Filter>
    </ClInclude>
    <ClInclude Include="CRes.h">
      <Filter>Engine\06. Resource</Filter>
    </ClInclude>
    <ClInclude Include="CTexture.h">
      <Filter>Engine\06. Resource\Texture</Filter>
    </ClInclude>
    <ClInclude Include="CSound.h">
      <Filter>Engine\06. Resource\Sound</Filter>
    </ClInclude>
    <ClInclude Include="CPathMgr.h">
      <Filter>Engine\03. Manager\PathMgr</Filter>
    </ClInclude>
    <ClInclude Include="CResMgr.h">
      <Filter>Engine\03. Manager\ResMgr</Filter>
    </ClInclude>
    <ClInclude Include="SelectGDI.h">
      <Filter>Engine\08. Module</Filter>
    </ClInclude>
    <ClInclude Include="CCollisionMgr.h">
      <Filter>Engine\03. Manager\ConllisionMgr</Filter>
    </ClInclude>
    <ClInclude Include="CEventMgr.h">
      <Filter>Engine\03. Manager\EventMgr</Filter>
    </ClInclude>
    <ClInclude Include="func.h">
      <Filter>Engine\01. Header</Filter>
    </ClInclude>
    <ClInclude Include="CScene_Tool.h">
      <Filter>Engine\05. Scene\Scene_Tool</Filter>
    </ClInclude>
    <ClInclude Include="CAnimator.h">
      <Filter>Engine\07. Component\Animator</Filter>
    </ClInclude>
    <ClInclude Include="CCollider.h">
      <Filter>Engine\07. Component\Collider</Filter>
    </ClInclude>
    <ClInclude Include="CAnimation.h">
      <Filter>Engine\07. Component\Animator\Animation</Filter>
    </ClInclude>
  </ItemGroup>
  <ItemGroup>
    <ResourceCompile Include="Client.rc">
      <Filter>Default\리소스 파일</Filter>
    </ResourceCompile>
  </ItemGroup>
  <ItemGroup>
    <Image Include="small.ico">
      <Filter>Default\리소스 파일</Filter>
    </Image>
    <Image Include="Client.ico">
      <Filter>Default\리소스 파일</Filter>
    </Image>
  </ItemGroup>
  <ItemGroup>
    <ClCompile Include="CCore.cpp">
      <Filter>Engine\02. Core</Filter>
    </ClCompile>
    <ClCompile Include="CkeyMgr.cpp">
      <Filter>Engine\03. Manager\KeyMgr</Filter>
    </ClCompile>
    <ClCompile Include="main.cpp" />
    <ClCompile Include="CObject.cpp">
      <Filter>Engine\04. Object</Filter>
    </ClCompile>
    <ClCompile Include="CTimeMgr.cpp">
      <Filter>Engine\03. Manager\TimeMgr</Filter>
    </ClCompile>
    <ClCompile Include="CScene.cpp">
      <Filter>Engine\05. Scene</Filter>
    </ClCompile>
    <ClCompile Include="CSceneMgr.cpp">
      <Filter>Engine\03. Manager\SceneMgr</Filter>
    </ClCompile>
    <ClCompile Include="CScene_Start.cpp">
      <Filter>Engine\05. Scene\Scene_Start</Filter>
    </ClCompile>
    <ClCompile Include="CPlayer.cpp">
      <Filter>Engine\04. Object\Player</Filter>
    </ClCompile>
    <ClCompile Include="CMonster.cpp">
      <Filter>Engine\04. Object\Monster</Filter>
    </ClCompile>
    <ClCompile Include="CMissile.cpp">
      <Filter>Engine\04. Object\Missile</Filter>
    </ClCompile>
    <ClCompile Include="CRes.cpp">
      <Filter>Engine\06. Resource</Filter>
    </ClCompile>
    <ClCompile Include="CTexture.cpp">
      <Filter>Engine\06. Resource\Texture</Filter>
    </ClCompile>
    <ClCompile Include="CSound.cpp">
      <Filter>Engine\06. Resource\Sound</Filter>
    </ClCompile>
    <ClCompile Include="CPathMgr.cpp">
      <Filter>Engine\03. Manager\PathMgr</Filter>
    </ClCompile>
    <ClCompile Include="CResMgr.cpp">
      <Filter>Engine\03. Manager\ResMgr</Filter>
    </ClCompile>
    <ClCompile Include="SelectGDI.cpp">
      <Filter>Engine\08. Module</Filter>
    </ClCompile>
    <ClCompile Include="CCollisionMgr.cpp">
      <Filter>Engine\03. Manager\ConllisionMgr</Filter>
    </ClCompile>
    <ClCompile Include="CEventMgr.cpp">
      <Filter>Engine\03. Manager\EventMgr</Filter>
    </ClCompile>
    <ClCompile Include="func.cpp">
      <Filter>Engine\01. Header</Filter>
    </ClCompile>
    <ClCompile Include="CScene_Tool.cpp">
      <Filter>Engine\05. Scene\Scene_Tool</Filter>
    </ClCompile>
    <ClCompile Include="CAnimator.cpp">
      <Filter>Engine\07. Component\Animator</Filter>
    </ClCompile>
    <ClCompile Include="CCollider.cpp">
      <Filter>Engine\07. Component\Collider</Filter>
    </ClCompile>
    <ClCompile Include="CAnimation.cpp">
      <Filter>Engine\07. Component\Animator\Animation</Filter>
    </ClCompile>
  </ItemGroup>
</Project>